{
  "lockfileVersion": 1,
  "configVersion": 1,
  "workspaces": {
    "": {
      "name": "mediaway-scripts",
      "dependencies": {
        "@noble/hashes": "1.8.0",
        "smol-toml": "^1.7.1",
        "tree-sitter": "^0.25.1",
        "tree-sitter-json": "^0.24.8",
        "tree-sitter-rust": "^0.24.0",
        "tree-sitter-toml": "^0.5.1",
        "tree-sitter-typescript": "^0.23.2",
      },
    },
  },
  "packages": {
    "@noble/hashes": ["@noble/hashes@1.8.0", "", {}, "sha512-jCs9ldd7NwzpgXDIf6P3+NrHh9/sD6CQdxHyjQI+h/6rDNo88ypBxxz45UDuZHz9r3tNz7N/VInSVoVdtXEI4A=="],

    "nan": ["nan@2.28.0", "", {}, "sha512-fTsDz99OTq2sVePhGdp4qQhggZFtKr64ZNVyVajRKtMOkJxYekplBh577PiJB12v/D3s2E5cGtOI45LWp6rnLQ=="],

    "node-addon-api": ["node-addon-api@8.9.1", "", {}, "sha512-4eUQWVPCUUUiBjLnHS3cXWeC6ryoPUc0U3rP7IuzapoGbzMqd/r6KKO0clr0b+snQhsrueFEhCZDdK+LK7hxKg=="],

    "node-gyp-build": ["node-gyp-build@4.8.4", "", { "bin": { "node-gyp-build": "bin.js", "node-gyp-build-optional": "optional.js", "node-gyp-build-test": "build-test.js" } }, "sha512-LA4ZjwlnUblHVgq0oBF3Jl/6h/Nvs5fzBLwdEF4nuxnFdsfajde4WfxtJr3CaiH+F6ewcIB/q4jQ4UzPyid+CQ=="],

    "smol-toml": ["smol-toml@1.7.1", "", {}, "sha512-PPlsspAZ4jbMBu5DMFhfUGDQLu/vrL4SyBROVS37x8ynnVmFIs1VPBz1Co8Xks3TvpIaZXmU85y4DrQ+UyVFoQ=="],

    "tree-sitter": ["tree-sitter@0.25.1", "", { "dependencies": { "node-addon-api": "^8.5.0", "node-gyp-build": "^4.8.4" } }, "sha512-mrcEdkYtHfrK1A6fs3O6FxkBo0Qig5XUXqHhxUOQu0bmPo00QF4XaSx4edpazdHwxnSCjlGKGgIqWdaN4dvTLA=="],

    "tree-sitter-javascript": ["tree-sitter-javascript@0.23.1", "", { "dependencies": { "node-addon-api": "^8.2.2", "node-gyp-build": "^4.8.2" }, "peerDependencies": { "tree-sitter": "^0.21.1" }, "optionalPeers": ["tree-sitter"] }, "sha512-/bnhbrTD9frUYHQTiYnPcxyHORIw157ERBa6dqzaKxvR/x3PC4Yzd+D1pZIMS6zNg2v3a8BZ0oK7jHqsQo9fWA=="],

    "tree-sitter-json": ["tree-sitter-json@0.24.8", "", { "dependencies": { "node-addon-api": "^8.2.2", "node-gyp-build": "^4.8.2" }, "peerDependencies": { "tree-sitter": "^0.21.1" }, "optionalPeers": ["tree-sitter"] }, "sha512-Tc9ZZYwHyWZ3Tt1VEw7Pa2scu1YO7/d2BCBbKTx5hXwig3UfdQjsOPkPyLpDJOn/m1UBEWYAtSdGAwCSyagBqQ=="],

    "tree-sitter-rust": ["tree-sitter-rust@0.24.0", "", { "dependencies": { "node-addon-api": "^8.2.2", "node-gyp-build": "^4.8.4" }, "peerDependencies": { "tree-sitter": "^0.22.1" }, "optionalPeers": ["tree-sitter"] }, "sha512-NWemUDf629Tfc90Y0Z55zuwPCAHkLxWnMf2RznYu4iBkkrQl2o/CHGB7Cr52TyN5F1DAx8FmUnDtCy9iUkXZEQ=="],

    "tree-sitter-toml": ["tree-sitter-toml@0.5.1", "", { "dependencies": { "nan": "^2.14.0" } }, "sha512-ymaN/Lno2tqTPEuKOOdu4IoqISaL8MWRQGp1/+2yqVAcw9PSBh5diCkoOwumHYv00grzDmY5hUtuairQ68hVkQ=="],

    "tree-sitter-typescript": ["tree-sitter-typescript@0.23.2", "", { "dependencies": { "node-addon-api": "^8.2.2", "node-gyp-build": "^4.8.2", "tree-sitter-javascript": "^0.23.1" }, "peerDependencies": { "tree-sitter": "^0.21.0" }, "optionalPeers": ["tree-sitter"] }, "sha512-e04JUUKxTT53/x3Uq1zIL45DoYKVfHH4CZqwgZhPg5qYROl5nQjV+85ruFzFGZxu+QeFVbRTPDRnqL9UbU4VeA=="],
  }
}
